
Microsoft Visual Studio Solution File, Format Version 12.00
# Visual Studio Version 17
VisualStudioVersion = 17.6.33829.357
MinimumVisualStudioVersion = 10.0.40219.1
Project("{FAE04EC0-301F-11D3-BF4B-00C04F79EFBC}") = "Consultorio", "Consultorio\Consultorio.csproj", "{535E1932-4F66-4273-B8A0-FE9C67360937}"
EndProject
Global
	GlobalSection(SolutionConfigurationPlatforms) = preSolution
		Debug|Any CPU = Debug|Any CPU
		Release|Any CPU = Release|Any CPU
	EndGlobalSection
	GlobalSection(ProjectConfigurationPlatforms) = postSolution
		{535E1932-4F66-4273-B8A0-FE9C67360937}.Debug|Any CPU.ActiveCfg = Debug|Any CPU
		{535E1932-4F66-4273-B8A0-FE9C67360937}.Debug|Any CPU.Build.0 = Debug|Any CPU
		{535E1932-4F66-4273-B8A0-FE9C67360937}.Release|Any CPU.ActiveCfg = Release|Any CPU
		{535E1932-4F66-4273-B8A0-FE9C67360937}.Release|Any CPU.Build.0 = Release|Any CPU
	EndGlobalSection
	GlobalSection(SolutionProperties) = preSolution
		HideSolutionNode = FALSE
	EndGlobalSection
	GlobalSection(ExtensibilityGlobals) = postSolution
		SolutionGuid = {25C7898D-5D30-4292-8DAB-0808427747D4}
	EndGlobalSection
EndGlobal
